
Microsoft Visual Studio Solution File, Format Version 12.00
# Visual Studio Version 17
VisualStudioVersion = 17.13.35818.85
MinimumVisualStudioVersion = 10.0.40219.1
Project("{FAE04EC0-301F-11D3-BF4B-00C04F79EFBC}") = "FirstMVVMProject", "WpfApp38\FirstMVVMProject.csproj", "{3FE79929-29C1-44F5-B477-1A0A76F504F6}"
EndProject
Global
	GlobalSection(SolutionConfigurationPlatforms) = preSolution
		Debug|Any CPU = Debug|Any CPU
		Release|Any CPU = Release|Any CPU
	EndGlobalSection
	GlobalSection(ProjectConfigurationPlatforms) = postSolution
		{3FE79929-29C1-44F5-B477-1A0A76F504F6}.Debug|Any CPU.ActiveCfg = Debug|Any CPU
		{3FE79929-29C1-44F5-B477-1A0A76F504F6}.Debug|Any CPU.Build.0 = Debug|Any CPU
		{3FE79929-29C1-44F5-B477-1A0A76F504F6}.Release|Any CPU.ActiveCfg = Release|Any CPU
		{3FE79929-29C1-44F5-B477-1A0A76F504F6}.Release|Any CPU.Build.0 = Release|Any CPU
	EndGlobalSection
	GlobalSection(SolutionProperties) = preSolution
		HideSolutionNode = FALSE
	EndGlobalSection
	GlobalSection(ExtensibilityGlobals) = postSolution
		SolutionGuid = {6ED326C9-4CEC-44CE-9E5B-FB212ED982AA}
		EnterpriseLibraryConfigurationToolBinariesPath = packages\Unity.2.1.505.0\lib\NET35
	EndGlobalSection
EndGlobal
